
Microsoft Visual Studio Solution File, Format Version 12.00
# Visual Studio Version 16
VisualStudioVersion = 16.0.31025.194
MinimumVisualStudioVersion = 10.0.40219.1
Project("{FAE04EC0-301F-11D3-BF4B-00C04F79EFBC}") = "openvpn-auth-user-pass", "openvpn-auth-user-pass.csproj", "{ADAE1B43-6A3C-4B76-85A3-FFBD8BB15AAE}"
EndProject
Global
	GlobalSection(SolutionConfigurationPlatforms) = preSolution
		Debug|Any CPU = Debug|Any CPU
		Release|Any CPU = Release|Any CPU
	EndGlobalSection
	GlobalSection(ProjectConfigurationPlatforms) = postSolution
		{ADAE1B43-6A3C-4B76-85A3-FFBD8BB15AAE}.Debug|Any CPU.ActiveCfg = Debug|Any CPU
		{ADAE1B43-6A3C-4B76-85A3-FFBD8BB15AAE}.Debug|Any CPU.Build.0 = Debug|Any CPU
		{ADAE1B43-6A3C-4B76-85A3-FFBD8BB15AAE}.Release|Any CPU.ActiveCfg = Release|Any CPU
		{ADAE1B43-6A3C-4B76-85A3-FFBD8BB15AAE}.Release|Any CPU.Build.0 = Release|Any CPU
	EndGlobalSection
	GlobalSection(SolutionProperties) = preSolution
		HideSolutionNode = FALSE
	EndGlobalSection
	GlobalSection(ExtensibilityGlobals) = postSolution
		SolutionGuid = {B448A9E6-5D80-4477-AE02-85F965DD2EF5}
	EndGlobalSection
EndGlobal
